github.com/cheekybits/is v0.0.0-20150225183255-68e9c0620927 h1:SKI1/fuSdodxmNNyVBR8d7X/HuLnRpvvFO0AgyQk764=
github.com/cheekybits/is v0.0.0-20150225183255-68e9c0620927/go.mod h1:h/aW8ynjgkuj+NQRlZcDbAbM1ORAbXjXX77sX7T289U=
github.com/matryer/runner v0.0.0-20211213160944-9f99df82ff29 h1:QU1+3DkRAhxBVefYtPWiD7G24FxR0e3eZtmmo9EXO24=
github.com/matryer/runner v0.0.0-20211213160944-9f99df82ff29/go.mod h1:lISxzZiuWDeqvTOUohfA3Wgu+WktSrH1pxW02wZ9mUQ=
